
Microsoft Visual Studio Solution File, Format Version 12.00
# Visual Studio Version 16
VisualStudioVersion = 16.0.28714.193
MinimumVisualStudioVersion = 10.0.40219.1
Project("{FAE04EC0-301F-11D3-BF4B-00C04F79EFBC}") = "stroke-units-service", "stroke-units-service\stroke-units-service.csproj", "{D563CB5E-4A70-4C6E-BE70-AC6C45EAF97B}"
EndProject
Global
	GlobalSection(SolutionConfigurationPlatforms) = preSolution
		Debug|Any CPU = Debug|Any CPU
		Release|Any CPU = Release|Any CPU
	EndGlobalSection
	GlobalSection(ProjectConfigurationPlatforms) = postSolution
		{D563CB5E-4A70-4C6E-BE70-AC6C45EAF97B}.Debug|Any CPU.ActiveCfg = Debug|Any CPU
		{D563CB5E-4A70-4C6E-BE70-AC6C45EAF97B}.Debug|Any CPU.Build.0 = Debug|Any CPU
		{D563CB5E-4A70-4C6E-BE70-AC6C45EAF97B}.Release|Any CPU.ActiveCfg = Release|Any CPU
		{D563CB5E-4A70-4C6E-BE70-AC6C45EAF97B}.Release|Any CPU.Build.0 = Release|Any CPU
	EndGlobalSection
	GlobalSection(SolutionProperties) = preSolution
		HideSolutionNode = FALSE
	EndGlobalSection
	GlobalSection(ExtensibilityGlobals) = postSolution
		SolutionGuid = {D5853CA8-4C22-4A81-8687-B1DD26C0B5E0}
	EndGlobalSection
EndGlobal
